
Microsoft Visual Studio Solution File, Format Version 12.00
# Visual Studio Version 17
VisualStudioVersion = 17.0.31903.59
MinimumVisualStudioVersion = 10.0.40219.1
Project("{FAE04EC0-301F-11D3-BF4B-00C04F79EFBC}") = "Encapsulation", "Encapsulation\Encapsulation.csproj", "{E3C9A0B0-C2AB-458D-B248-E9A7827E52F9}"
EndProject
Project("{FAE04EC0-301F-11D3-BF4B-00C04F79EFBC}") = "Abstraction", "Abstraction\Abstraction.csproj", "{071D23F3-E237-4D52-90FA-0E9E4AF670C9}"
EndProject
Project("{FAE04EC0-301F-11D3-BF4B-00C04F79EFBC}") = "Inheritance", "Inheritance\Inheritance.csproj", "{5912F4F0-24ED-4F78-BB7C-679FAC9980EB}"
EndProject
Project("{FAE04EC0-301F-11D3-BF4B-00C04F79EFBC}") = "Polymorphism", "Polymorphism\Polymorphism.csproj", "{58F3A048-36CF-4C04-8C74-70E4693826D0}"
EndProject
Project("{FAE04EC0-301F-11D3-BF4B-00C04F79EFBC}") = "Coupling", "Coupling\Coupling.csproj", "{39303656-F2A4-4161-994A-6810FB010BD2}"
EndProject
Global
	GlobalSection(SolutionConfigurationPlatforms) = preSolution
		Debug|Any CPU = Debug|Any CPU
		Debug|x64 = Debug|x64
		Debug|x86 = Debug|x86
		Release|Any CPU = Release|Any CPU
		Release|x64 = Release|x64
		Release|x86 = Release|x86
	EndGlobalSection
	GlobalSection(ProjectConfigurationPlatforms) = postSolution
		{E3C9A0B0-C2AB-458D-B248-E9A7827E52F9}.Debug|Any CPU.ActiveCfg = Debug|Any CPU
		{E3C9A0B0-C2AB-458D-B248-E9A7827E52F9}.Debug|Any CPU.Build.0 = Debug|Any CPU
		{E3C9A0B0-C2AB-458D-B248-E9A7827E52F9}.Debug|x64.ActiveCfg = Debug|Any CPU
		{E3C9A0B0-C2AB-458D-B248-E9A7827E52F9}.Debug|x64.Build.0 = Debug|Any CPU
		{E3C9A0B0-C2AB-458D-B248-E9A7827E52F9}.Debug|x86.ActiveCfg = Debug|Any CPU
		{E3C9A0B0-C2AB-458D-B248-E9A7827E52F9}.Debug|x86.Build.0 = Debug|Any CPU
		{E3C9A0B0-C2AB-458D-B248-E9A7827E52F9}.Release|Any CPU.ActiveCfg = Release|Any CPU
		{E3C9A0B0-C2AB-458D-B248-E9A7827E52F9}.Release|Any CPU.Build.0 = Release|Any CPU
		{E3C9A0B0-C2AB-458D-B248-E9A7827E52F9}.Release|x64.ActiveCfg = Release|Any CPU
		{E3C9A0B0-C2AB-458D-B248-E9A7827E52F9}.Release|x64.Build.0 = Release|Any CPU
		{E3C9A0B0-C2AB-458D-B248-E9A7827E52F9}.Release|x86.ActiveCfg = Release|Any CPU
		{E3C9A0B0-C2AB-458D-B248-E9A7827E52F9}.Release|x86.Build.0 = Release|Any CPU
		{071D23F3-E237-4D52-90FA-0E9E4AF670C9}.Debug|Any CPU.ActiveCfg = Debug|Any CPU
		{071D23F3-E237-4D52-90FA-0E9E4AF670C9}.Debug|Any CPU.Build.0 = Debug|Any CPU
		{071D23F3-E237-4D52-90FA-0E9E4AF670C9}.Debug|x64.ActiveCfg = Debug|Any CPU
		{071D23F3-E237-4D52-90FA-0E9E4AF670C9}.Debug|x64.Build.0 = Debug|Any CPU
		{071D23F3-E237-4D52-90FA-0E9E4AF670C9}.Debug|x86.ActiveCfg = Debug|Any CPU
		{071D23F3-E237-4D52-90FA-0E9E4AF670C9}.Debug|x86.Build.0 = Debug|Any CPU
		{071D23F3-E237-4D52-90FA-0E9E4AF670C9}.Release|Any CPU.ActiveCfg = Release|Any CPU
		{071D23F3-E237-4D52-90FA-0E9E4AF670C9}.Release|Any CPU.Build.0 = Release|Any CPU
		{071D23F3-E237-4D52-90FA-0E9E4AF670C9}.Release|x64.ActiveCfg = Release|Any CPU
		{071D23F3-E237-4D52-90FA-0E9E4AF670C9}.Release|x64.Build.0 = Release|Any CPU
		{071D23F3-E237-4D52-90FA-0E9E4AF670C9}.Release|x86.ActiveCfg = Release|Any CPU
		{071D23F3-E237-4D52-90FA-0E9E4AF670C9}.Release|x86.Build.0 = Release|Any CPU
		{5912F4F0-24ED-4F78-BB7C-679FAC9980EB}.Debug|Any CPU.ActiveCfg = Debug|Any CPU
		{5912F4F0-24ED-4F78-BB7C-679FAC9980EB}.Debug|Any CPU.Build.0 = Debug|Any CPU
		{5912F4F0-24ED-4F78-BB7C-679FAC9980EB}.Debug|x64.ActiveCfg = Debug|Any CPU
		{5912F4F0-24ED-4F78-BB7C-679FAC9980EB}.Debug|x64.Build.0 = Debug|Any CPU
		{5912F4F0-24ED-4F78-BB7C-679FAC9980EB}.Debug|x86.ActiveCfg = Debug|Any CPU
		{5912F4F0-24ED-4F78-BB7C-679FAC9980EB}.Debug|x86.Build.0 = Debug|Any CPU
		{5912F4F0-24ED-4F78-BB7C-679FAC9980EB}.Release|Any CPU.ActiveCfg = Release|Any CPU
		{5912F4F0-24ED-4F78-BB7C-679FAC9980EB}.Release|Any CPU.Build.0 = Release|Any CPU
		{5912F4F0-24ED-4F78-BB7C-679FAC9980EB}.Release|x64.ActiveCfg = Release|Any CPU
		{5912F4F0-24ED-4F78-BB7C-679FAC9980EB}.Release|x64.Build.0 = Release|Any CPU
		{5912F4F0-24ED-4F78-BB7C-679FAC9980EB}.Release|x86.ActiveCfg = Release|Any CPU
		{5912F4F0-24ED-4F78-BB7C-679FAC9980EB}.Release|x86.Build.0 = Release|Any CPU
		{58F3A048-36CF-4C04-8C74-70E4693826D0}.Debug|Any CPU.ActiveCfg = Debug|Any CPU
		{58F3A048-36CF-4C04-8C74-70E4693826D0}.Debug|Any CPU.Build.0 = Debug|Any CPU
		{58F3A048-36CF-4C04-8C74-70E4693826D0}.Debug|x64.ActiveCfg = Debug|Any CPU
		{58F3A048-36CF-4C04-8C74-70E4693826D0}.Debug|x64.Build.0 = Debug|Any CPU
		{58F3A048-36CF-4C04-8C74-70E4693826D0}.Debug|x86.ActiveCfg = Debug|Any CPU
		{58F3A048-36CF-4C04-8C74-70E4693826D0}.Debug|x86.Build.0 = Debug|Any CPU
		{58F3A048-36CF-4C04-8C74-70E4693826D0}.Release|Any CPU.ActiveCfg = Release|Any CPU
		{58F3A048-36CF-4C04-8C74-70E4693826D0}.Release|Any CPU.Build.0 = Release|Any CPU
		{58F3A048-36CF-4C04-8C74-70E4693826D0}.Release|x64.ActiveCfg = Release|Any CPU
		{58F3A048-36CF-4C04-8C74-70E4693826D0}.Release|x64.Build.0 = Release|Any CPU
		{58F3A048-36CF-4C04-8C74-70E4693826D0}.Release|x86.ActiveCfg = Release|Any CPU
		{58F3A048-36CF-4C04-8C74-70E4693826D0}.Release|x86.Build.0 = Release|Any CPU
		{39303656-F2A4-4161-994A-6810FB010BD2}.Debug|Any CPU.ActiveCfg = Debug|Any CPU
		{39303656-F2A4-4161-994A-6810FB010BD2}.Debug|Any CPU.Build.0 = Debug|Any CPU
		{39303656-F2A4-4161-994A-6810FB010BD2}.Debug|x64.ActiveCfg = Debug|Any CPU
		{39303656-F2A4-4161-994A-6810FB010BD2}.Debug|x64.Build.0 = Debug|Any CPU
		{39303656-F2A4-4161-994A-6810FB010BD2}.Debug|x86.ActiveCfg = Debug|Any CPU
		{39303656-F2A4-4161-994A-6810FB010BD2}.Debug|x86.Build.0 = Debug|Any CPU
		{39303656-F2A4-4161-994A-6810FB010BD2}.Release|Any CPU.ActiveCfg = Release|Any CPU
		{39303656-F2A4-4161-994A-6810FB010BD2}.Release|Any CPU.Build.0 = Release|Any CPU
		{39303656-F2A4-4161-994A-6810FB010BD2}.Release|x64.ActiveCfg = Release|Any CPU
		{39303656-F2A4-4161-994A-6810FB010BD2}.Release|x64.Build.0 = Release|Any CPU
		{39303656-F2A4-4161-994A-6810FB010BD2}.Release|x86.ActiveCfg = Release|Any CPU
		{39303656-F2A4-4161-994A-6810FB010BD2}.Release|x86.Build.0 = Release|Any CPU
	EndGlobalSection
	GlobalSection(SolutionProperties) = preSolution
		HideSolutionNode = FALSE
	EndGlobalSection
EndGlobal
